// !$*UTF8*$!
{
	archiveVersion = 1;
	classes = {
	};
	objectVersion = 56;
	objects = {

/* Begin PBXBuildFile section */
		5D59B1122C78BBBC006A0CC4 /* AppDelegate.swift in Sources */ = {isa = PBXBuildFile; fileRef = 5D59B1112C78BBBC006A0CC4 /* AppDelegate.swift */; };
		5D59B1142C78BBBC006A0CC4 /* SceneDelegate.swift in Sources */ = {isa = PBXBuildFile; fileRef = 5D59B1132C78BBBC006A0CC4 /* SceneDelegate.swift */; };
		5D59B1192C78BBBC006A0CC4 /* Base in Resources */ = {isa = PBXBuildFile; fileRef = 5D59B1182C78BBBC006A0CC4 /* Base */; };
		5D59B11B2C78BBBD006A0CC4 /* Assets.xcassets in Resources */ = {isa = PBXBuildFile; fileRef = 5D59B11A2C78BBBD006A0CC4 /* Assets.xcassets */; };
		5D59B11E2C78BBBD006A0CC4 /* Base in Resources */ = {isa = PBXBuildFile; fileRef = 5D59B11D2C78BBBD006A0CC4 /* Base */; };
		5DD9E9EE2C78F10500A4D420 /* MovieTableViewController.swift in Sources */ = {isa = PBXBuildFile; fileRef = 5DD9E9ED2C78F10500A4D420 /* MovieTableViewController.swift */; };
		5DD9E9F02C78F1F200A4D420 /* DetailViewController.swift in Sources */ = {isa = PBXBuildFile; fileRef = 5DD9E9EF2C78F1F200A4D420 /* DetailViewController.swift */; };
		5DD9E9F32C7A0F0200A4D420 /* Movies.swift in Sources */ = {isa = PBXBuildFile; fileRef = 5DD9E9F22C7A0F0200A4D420 /* Movies.swift */; };
		5DD9E9F62C7A169D00A4D420 /* MoviesTableViewCell.swift in Sources */ = {isa = PBXBuildFile; fileRef = 5DD9E9F52C7A169D00A4D420 /* MoviesTableViewCell.swift */; };
		5DD9E9FC2C7D84E100A4D420 /* MovieSearchViewModel.swift in Sources */ = {isa = PBXBuildFile; fileRef = 5DD9E9FB2C7D84E100A4D420 /* MovieSearchViewModel.swift */; };
		5DD9E9FE2C7D8FE400A4D420 /* SearchMoviesResponseModel.swift in Sources */ = {isa = PBXBuildFile; fileRef = 5DD9E9FD2C7D8FE400A4D420 /* SearchMoviesResponseModel.swift */; };
		5DD9EA002C7D930700A4D420 /* MovieDetailsViewModel.swift in Sources */ = {isa = PBXBuildFile; fileRef = 5DD9E9FF2C7D930700A4D420 /* MovieDetailsViewModel.swift */; };
		5DD9EA022C7DA99200A4D420 /* DetailTableViewCell.swift in Sources */ = {isa = PBXBuildFile; fileRef = 5DD9EA012C7DA99200A4D420 /* DetailTableViewCell.swift */; };
		5DD9EA042C7E048A00A4D420 /* favouriteService.swift in Sources */ = {isa = PBXBuildFile; fileRef = 5DD9EA032C7E048A00A4D420 /* favouriteService.swift */; };
		5DD9EA0E2C7E2A1A00A4D420 /* MoviesDbTests.swift in Sources */ = {isa = PBXBuildFile; fileRef = 5DD9EA0D2C7E2A1A00A4D420 /* MoviesDbTests.swift */; };
		5DD9EA152C7E2A5F00A4D420 /* MovieSearchViewModeTests.swift in Sources */ = {isa = PBXBuildFile; fileRef = 5DD9EA142C7E2A5F00A4D420 /* MovieSearchViewModeTests.swift */; };
		5DD9EA172C7E2B0500A4D420 /* URLProtocolMock.swift in Sources */ = {isa = PBXBuildFile; fileRef = 5DD9EA162C7E2B0500A4D420 /* URLProtocolMock.swift */; };
		5DD9EA192C7EC99F00A4D420 /* NetworkManager.swift in Sources */ = {isa = PBXBuildFile; fileRef = 5DD9EA182C7EC99F00A4D420 /* NetworkManager.swift */; };
		5DD9EA1B2C7ED3B000A4D420 /* MovieDetailsViewModelTests.swift in Sources */ = {isa = PBXBuildFile; fileRef = 5DD9EA1A2C7ED3B000A4D420 /* MovieDetailsViewModelTests.swift */; };
/* End PBXBuildFile section */

/* Begin PBXContainerItemProxy section */
		5DD9EA0F2C7E2A1A00A4D420 /* PBXContainerItemProxy */ = {
			isa = PBXContainerItemProxy;
			containerPortal = 5D59B1062C78BBBC006A0CC4 /* Project object */;
			proxyType = 1;
			remoteGlobalIDString = 5D59B10D2C78BBBC006A0CC4;
			remoteInfo = MoviesDb;
		};
/* End PBXContainerItemProxy section */

/* Begin PBXFileReference section */
		5D59B10E2C78BBBC006A0CC4 /* MoviesDb.app */ = {isa = PBXFileReference; explicitFileType = wrapper.application; includeInIndex = 0; path = MoviesDb.app; sourceTree = BUILT_PRODUCTS_DIR; };
		5D59B1112C78BBBC006A0CC4 /* AppDelegate.swift */ = {isa = PBXFileReference; lastKnownFileType = sourcecode.swift; path = AppDelegate.swift; sourceTree = "<group>"; };
		5D59B1132C78BBBC006A0CC4 /* SceneDelegate.swift */ = {isa = PBXFileReference; lastKnownFileType = sourcecode.swift; path = SceneDelegate.swift; sourceTree = "<group>"; };
		5D59B1182C78BBBC006A0CC4 /* Base */ = {isa = PBXFileReference; lastKnownFileType = file.storyboard; name = Base; path = Base.lproj/Main.storyboard; sourceTree = "<group>"; };
		5D59B11A2C78BBBD006A0CC4 /* Assets.xcassets */ = {isa = PBXFileReference; lastKnownFileType = folder.assetcatalog; path = Assets.xcassets; sourceTree = "<group>"; };
		5D59B11D2C78BBBD006A0CC4 /* Base */ = {isa = PBXFileReference; lastKnownFileType = file.storyboard; name = Base; path = Base.lproj/LaunchScreen.storyboard; sourceTree = "<group>"; };
		5D59B11F2C78BBBD006A0CC4 /* Info.plist */ = {isa = PBXFileReference; lastKnownFileType = text.plist.xml; path = Info.plist; sourceTree = "<group>"; };
		5DD9E9ED2C78F10500A4D420 /* MovieTableViewController.swift */ = {isa = PBXFileReference; lastKnownFileType = sourcecode.swift; path = MovieTableViewController.swift; sourceTree = "<group>"; };
		5DD9E9EF2C78F1F200A4D420 /* DetailViewController.swift */ = {isa = PBXFileReference; lastKnownFileType = sourcecode.swift; path = DetailViewController.swift; sourceTree = "<group>"; };
		5DD9E9F22C7A0F0200A4D420 /* Movies.swift */ = {isa = PBXFileReference; lastKnownFileType = sourcecode.swift; path = Movies.swift; sourceTree = "<group>"; };
		5DD9E9F52C7A169D00A4D420 /* MoviesTableViewCell.swift */ = {isa = PBXFileReference; lastKnownFileType = sourcecode.swift; path = MoviesTableViewCell.swift; sourceTree = "<group>"; };
		5DD9E9FB2C7D84E100A4D420 /* MovieSearchViewModel.swift */ = {isa = PBXFileReference; lastKnownFileType = sourcecode.swift; path = MovieSearchViewModel.swift; sourceTree = "<group>"; };
		5DD9E9FD2C7D8FE400A4D420 /* SearchMoviesResponseModel.swift */ = {isa = PBXFileReference; lastKnownFileType = sourcecode.swift; path = SearchMoviesResponseModel.swift; sourceTree = "<group>"; };
		5DD9E9FF2C7D930700A4D420 /* MovieDetailsViewModel.swift */ = {isa = PBXFileReference; lastKnownFileType = sourcecode.swift; path = MovieDetailsViewModel.swift; sourceTree = "<group>"; };
		5DD9EA012C7DA99200A4D420 /* DetailTableViewCell.swift */ = {isa = PBXFileReference; lastKnownFileType = sourcecode.swift; path = DetailTableViewCell.swift; sourceTree = "<group>"; };
		5DD9EA032C7E048A00A4D420 /* favouriteService.swift */ = {isa = PBXFileReference; lastKnownFileType = sourcecode.swift; path = favouriteService.swift; sourceTree = "<group>"; };
		5DD9EA0B2C7E2A1A00A4D420 /* MoviesDbTests.xctest */ = {isa = PBXFileReference; explicitFileType = wrapper.cfbundle; includeInIndex = 0; path = MoviesDbTests.xctest; sourceTree = BUILT_PRODUCTS_DIR; };
		5DD9EA0D2C7E2A1A00A4D420 /* MoviesDbTests.swift */ = {isa = PBXFileReference; lastKnownFileType = sourcecode.swift; path = MoviesDbTests.swift; sourceTree = "<group>"; };
		5DD9EA142C7E2A5F00A4D420 /* MovieSearchViewModeTests.swift */ = {isa = PBXFileReference; lastKnownFileType = sourcecode.swift; path = MovieSearchViewModeTests.swift; sourceTree = "<group>"; };
		5DD9EA162C7E2B0500A4D420 /* URLProtocolMock.swift */ = {isa = PBXFileReference; lastKnownFileType = sourcecode.swift; path = URLProtocolMock.swift; sourceTree = "<group>"; };
		5DD9EA182C7EC99F00A4D420 /* NetworkManager.swift */ = {isa = PBXFileReference; lastKnownFileType = sourcecode.swift; path = NetworkManager.swift; sourceTree = "<group>"; };
		5DD9EA1A2C7ED3B000A4D420 /* MovieDetailsViewModelTests.swift */ = {isa = PBXFileReference; lastKnownFileType = sourcecode.swift; path = MovieDetailsViewModelTests.swift; sourceTree = "<group>"; };
/* End PBXFileReference section */

/* Begin PBXFrameworksBuildPhase section */
		5D59B10B2C78BBBC006A0CC4 /* Frameworks */ = {
			isa = PBXFrameworksBuildPhase;
			buildActionMask = 2147483647;
			files = (
			);
			runOnlyForDeploymentPostprocessing = 0;
		};
		5DD9EA082C7E2A1A00A4D420 /* Frameworks */ = {
			isa = PBXFrameworksBuildPhase;
			buildActionMask = 2147483647;
			files = (
			);
			runOnlyForDeploymentPostprocessing = 0;
		};
/* End PBXFrameworksBuildPhase section */

/* Begin PBXGroup section */
		5D59B1052C78BBBC006A0CC4 = {
			isa = PBXGroup;
			children = (
				5D59B1102C78BBBC006A0CC4 /* MoviesDb */,
				5DD9EA0C2C7E2A1A00A4D420 /* MoviesDbTests */,
				5D59B10F2C78BBBC006A0CC4 /* Products */,
			);
			sourceTree = "<group>";
		};
		5D59B10F2C78BBBC006A0CC4 /* Products */ = {
			isa = PBXGroup;
			children = (
				5D59B10E2C78BBBC006A0CC4 /* MoviesDb.app */,
				5DD9EA0B2C7E2A1A00A4D420 /* MoviesDbTests.xctest */,
			);
			name = Products;
			sourceTree = "<group>";
		};
		5D59B1102C78BBBC006A0CC4 /* MoviesDb */ = {
			isa = PBXGroup;
			children = (
				5DD9E9F72C7AD64200A4D420 /* Networking */,
				5DD9E9FA2C7D845600A4D420 /* ViewModel */,
				5DD9E9F42C7A166100A4D420 /* views */,
				5DD9E9F12C7A0EEC00A4D420 /* Models */,
				5D59B1112C78BBBC006A0CC4 /* AppDelegate.swift */,
				5D59B1132C78BBBC006A0CC4 /* SceneDelegate.swift */,
				5D59B11A2C78BBBD006A0CC4 /* Assets.xcassets */,
				5D59B11C2C78BBBD006A0CC4 /* LaunchScreen.storyboard */,
				5D59B11F2C78BBBD006A0CC4 /* Info.plist */,
			);
			path = MoviesDb;
			sourceTree = "<group>";
		};
		5DD9E9F12C7A0EEC00A4D420 /* Models */ = {
			isa = PBXGroup;
			children = (
				5DD9E9F22C7A0F0200A4D420 /* Movies.swift */,
				5DD9E9FD2C7D8FE400A4D420 /* SearchMoviesResponseModel.swift */,
				5DD9EA032C7E048A00A4D420 /* favouriteService.swift */,
			);
			path = Models;
			sourceTree = "<group>";
		};
		5DD9E9F42C7A166100A4D420 /* views */ = {
			isa = PBXGroup;
			children = (
				5D59B1172C78BBBC006A0CC4 /* Main.storyboard */,
				5DD9E9ED2C78F10500A4D420 /* MovieTableViewController.swift */,
				5DD9E9F52C7A169D00A4D420 /* MoviesTableViewCell.swift */,
				5DD9E9EF2C78F1F200A4D420 /* DetailViewController.swift */,
				5DD9EA012C7DA99200A4D420 /* DetailTableViewCell.swift */,
			);
			path = views;
			sourceTree = "<group>";
		};
		5DD9E9F72C7AD64200A4D420 /* Networking */ = {
			isa = PBXGroup;
			children = (
				5DD9EA182C7EC99F00A4D420 /* NetworkManager.swift */,
			);
			path = Networking;
			sourceTree = "<group>";
		};
		5DD9E9FA2C7D845600A4D420 /* ViewModel */ = {
			isa = PBXGroup;
			children = (
				5DD9E9FB2C7D84E100A4D420 /* MovieSearchViewModel.swift */,
				5DD9E9FF2C7D930700A4D420 /* MovieDetailsViewModel.swift */,
			);
			path = ViewModel;
			sourceTree = "<group>";
		};
		5DD9EA0C2C7E2A1A00A4D420 /* MoviesDbTests */ = {
			isa = PBXGroup;
			children = (
				5DD9EA0D2C7E2A1A00A4D420 /* MoviesDbTests.swift */,
				5DD9EA142C7E2A5F00A4D420 /* MovieSearchViewModeTests.swift */,
				5DD9EA1A2C7ED3B000A4D420 /* MovieDetailsViewModelTests.swift */,
				5DD9EA162C7E2B0500A4D420 /* URLProtocolMock.swift */,
			);
			path = MoviesDbTests;
			sourceTree = "<group>";
		};
/* End PBXGroup section */

/* Begin PBXNativeTarget section */
		5D59B10D2C78BBBC006A0CC4 /* MoviesDb */ = {
			isa = PBXNativeTarget;
			buildConfigurationList = 5D59B1222C78BBBD006A0CC4 /* Build configuration list for PBXNativeTarget "MoviesDb" */;
			buildPhases = (
				5D59B10A2C78BBBC006A0CC4 /* Sources */,
				5D59B10B2C78BBBC006A0CC4 /* Frameworks */,
				5D59B10C2C78BBBC006A0CC4 /* Resources */,
			);
			buildRules = (
			);
			dependencies = (
			);
			name = MoviesDb;
			productName = MoviesDb;
			productReference = 5D59B10E2C78BBBC006A0CC4 /* MoviesDb.app */;
			productType = "com.apple.product-type.application";
		};
		5DD9EA0A2C7E2A1A00A4D420 /* MoviesDbTests */ = {
			isa = PBXNativeTarget;
			buildConfigurationList = 5DD9EA112C7E2A1A00A4D420 /* Build configuration list for PBXNativeTarget "MoviesDbTests" */;
			buildPhases = (
				5DD9EA072C7E2A1A00A4D420 /* Sources */,
				5DD9EA082C7E2A1A00A4D420 /* Frameworks */,
				5DD9EA092C7E2A1A00A4D420 /* Resources */,
			);
			buildRules = (
			);
			dependencies = (
				5DD9EA102C7E2A1A00A4D420 /* PBXTargetDependency */,
			);
			name = MoviesDbTests;
			productName = MoviesDbTests;
			productReference = 5DD9EA0B2C7E2A1A00A4D420 /* MoviesDbTests.xctest */;
			productType = "com.apple.product-type.bundle.unit-test";
		};
/* End PBXNativeTarget section */

/* Begin PBXProject section */
		5D59B1062C78BBBC006A0CC4 /* Project object */ = {
			isa = PBXProject;
			attributes = {
				BuildIndependentTargetsInParallel = 1;
				LastSwiftUpdateCheck = 1540;
				LastUpgradeCheck = 1540;
				TargetAttributes = {
					5D59B10D2C78BBBC006A0CC4 = {
						CreatedOnToolsVersion = 15.4;
					};
					5DD9EA0A2C7E2A1A00A4D420 = {
						CreatedOnToolsVersion = 15.4;
						TestTargetID = 5D59B10D2C78BBBC006A0CC4;
					};
				};
			};
			buildConfigurationList = 5D59B1092C78BBBC006A0CC4 /* Build configuration list for PBXProject "MoviesDb" */;
			compatibilityVersion = "Xcode 14.0";
			developmentRegion = en;
			hasScannedForEncodings = 0;
			knownRegions = (
				en,
				Base,
			);
			mainGroup = 5D59B1052C78BBBC006A0CC4;
			productRefGroup = 5D59B10F2C78BBBC006A0CC4 /* Products */;
			projectDirPath = "";
			projectRoot = "";
			targets = (
				5D59B10D2C78BBBC006A0CC4 /* MoviesDb */,
				5DD9EA0A2C7E2A1A00A4D420 /* MoviesDbTests */,
			);
		};
/* End PBXProject section */

/* Begin PBXResourcesBuildPhase section */
		5D59B10C2C78BBBC006A0CC4 /* Resources */ = {
			isa = PBXResourcesBuildPhase;
			buildActionMask = 2147483647;
			files = (
				5D59B11B2C78BBBD006A0CC4 /* Assets.xcassets in Resources */,
				5D59B11E2C78BBBD006A0CC4 /* Base in Resources */,
				5D59B1192C78BBBC006A0CC4 /* Base in Resources */,
			);
			runOnlyForDeploymentPostprocessing = 0;
		};
		5DD9EA092C7E2A1A00A4D420 /* Resources */ = {
			isa = PBXResourcesBuildPhase;
			buildActionMask = 2147483647;
			files = (
			);
			runOnlyForDeploymentPostprocessing = 0;
		};
/* End PBXResourcesBuildPhase section */

/* Begin PBXSourcesBuildPhase section */
		5D59B10A2C78BBBC006A0CC4 /* Sources */ = {
			isa = PBXSourcesBuildPhase;
			buildActionMask = 2147483647;
			files = (
				5DD9EA192C7EC99F00A4D420 /* NetworkManager.swift in Sources */,
				5DD9EA042C7E048A00A4D420 /* favouriteService.swift in Sources */,
				5DD9E9F32C7A0F0200A4D420 /* Movies.swift in Sources */,
				5DD9E9EE2C78F10500A4D420 /* MovieTableViewController.swift in Sources */,
				5DD9E9F62C7A169D00A4D420 /* MoviesTableViewCell.swift in Sources */,
				5DD9E9FE2C7D8FE400A4D420 /* SearchMoviesResponseModel.swift in Sources */,
				5D59B1122C78BBBC006A0CC4 /* AppDelegate.swift in Sources */,
				5DD9E9F02C78F1F200A4D420 /* DetailViewController.swift in Sources */,
				5D59B1142C78BBBC006A0CC4 /* SceneDelegate.swift in Sources */,
				5DD9E9FC2C7D84E100A4D420 /* MovieSearchViewModel.swift in Sources */,
				5DD9EA022C7DA99200A4D420 /* DetailTableViewCell.swift in Sources */,
				5DD9EA002C7D930700A4D420 /* MovieDetailsViewModel.swift in Sources */,
			);
			runOnlyForDeploymentPostprocessing = 0;
		};
		5DD9EA072C7E2A1A00A4D420 /* Sources */ = {
			isa = PBXSourcesBuildPhase;
			buildActionMask = 2147483647;
			files = (
				5DD9EA1B2C7ED3B000A4D420 /* MovieDetailsViewModelTests.swift in Sources */,
				5DD9EA152C7E2A5F00A4D420 /* MovieSearchViewModeTests.swift in Sources */,
				5DD9EA172C7E2B0500A4D420 /* URLProtocolMock.swift in Sources */,
				5DD9EA0E2C7E2A1A00A4D420 /* MoviesDbTests.swift in Sources */,
			);
			runOnlyForDeploymentPostprocessing = 0;
		};
/* End PBXSourcesBuildPhase section */

/* Begin PBXTargetDependency section */
		5DD9EA102C7E2A1A00A4D420 /* PBXTargetDependency */ = {
			isa = PBXTargetDependency;
			target = 5D59B10D2C78BBBC006A0CC4 /* MoviesDb */;
			targetProxy = 5DD9EA0F2C7E2A1A00A4D420 /* PBXContainerItemProxy */;
		};
/* End PBXTargetDependency section */

/* Begin PBXVariantGroup section */
		5D59B1172C78BBBC006A0CC4 /* Main.storyboard */ = {
			isa = PBXVariantGroup;
			children = (
				5D59B1182C78BBBC006A0CC4 /* Base */,
			);
			name = Main.storyboard;
			sourceTree = "<group>";
		};
		5D59B11C2C78BBBD006A0CC4 /* LaunchScreen.storyboard */ = {
			isa = PBXVariantGroup;
			children = (
				5D59B11D2C78BBBD006A0CC4 /* Base */,
			);
			name = LaunchScreen.storyboard;
			sourceTree = "<group>";
		};
/* End PBXVariantGroup section */

/* Begin XCBuildConfiguration section */
		5D59B1202C78BBBD006A0CC4 /* Debug */ = {
			isa = XCBuildConfiguration;
			buildSettings = {
				ALWAYS_SEARCH_USER_PATHS = NO;
				ASSETCATALOG_COMPILER_GENERATE_SWIFT_ASSET_SYMBOL_EXTENSIONS = YES;
				CLANG_ANALYZER_NONNULL = YES;
				CLANG_ANALYZER_NUMBER_OBJECT_CONVERSION = YES_AGGRESSIVE;
				CLANG_CXX_LANGUAGE_STANDARD = "gnu++20";
				CLANG_ENABLE_MODULES = YES;
				CLANG_ENABLE_OBJC_ARC = YES;
				CLANG_ENABLE_OBJC_WEAK = YES;
				CLANG_WARN_BLOCK_CAPTURE_AUTORELEASING = YES;
				CLANG_WARN_BOOL_CONVERSION = YES;
				CLANG_WARN_COMMA = YES;
				CLANG_WARN_CONSTANT_CONVERSION = YES;
				CLANG_WARN_DEPRECATED_OBJC_IMPLEMENTATIONS = YES;
				CLANG_WARN_DIRECT_OBJC_ISA_USAGE = YES_ERROR;
				CLANG_WARN_DOCUMENTATION_COMMENTS = YES;
				CLANG_WARN_EMPTY_BODY = YES;
				CLANG_WARN_ENUM_CONVERSION = YES;
				CLANG_WARN_INFINITE_RECURSION = YES;
				CLANG_WARN_INT_CONVERSION = YES;
				CLANG_WARN_NON_LITERAL_NULL_CONVERSION = YES;
				CLANG_WARN_OBJC_IMPLICIT_RETAIN_SELF = YES;
				CLANG_WARN_OBJC_LITERAL_CONVERSION = YES;
				CLANG_WARN_OBJC_ROOT_CLASS = YES_ERROR;
				CLANG_WARN_QUOTED_INCLUDE_IN_FRAMEWORK_HEADER = YES;
				CLANG_WARN_RANGE_LOOP_ANALYSIS = YES;
				CLANG_WARN_STRICT_PROTOTYPES = YES;
				CLANG_WARN_SUSPICIOUS_MOVE = YES;
				CLANG_WARN_UNGUARDED_AVAILABILITY = YES_AGGRESSIVE;
				CLANG_WARN_UNREACHABLE_CODE = YES;
				CLANG_WARN__DUPLICATE_METHOD_MATCH = YES;
				COPY_PHASE_STRIP = NO;
				DEBUG_INFORMATION_FORMAT = dwarf;
				ENABLE_STRICT_OBJC_MSGSEND = YES;
				ENABLE_TESTABILITY = YES;
				ENABLE_USER_SCRIPT_SANDBOXING = YES;
				GCC_C_LANGUAGE_STANDARD = gnu17;
				GCC_DYNAMIC_NO_PIC = NO;
				GCC_NO_COMMON_BLOCKS = YES;
				GCC_OPTIMIZATION_LEVEL = 0;
				GCC_PREPROCESSOR_DEFINITIONS = (
					"DEBUG=1",
					"$(inherited)",
				);
				GCC_WARN_64_TO_32_BIT_CONVERSION = YES;
				GCC_WARN_ABOUT_RETURN_TYPE = YES_ERROR;
				GCC_WARN_UNDECLARED_SELECTOR = YES;
				GCC_WARN_UNINITIALIZED_AUTOS = YES_AGGRESSIVE;
				GCC_WARN_UNUSED_FUNCTION = YES;
				GCC_WARN_UNUSED_VARIABLE = YES;
				IPHONEOS_DEPLOYMENT_TARGET = 17.5;
				LOCALIZATION_PREFERS_STRING_CATALOGS = YES;
				MTL_ENABLE_DEBUG_INFO = INCLUDE_SOURCE;
				MTL_FAST_MATH = YES;
				ONLY_ACTIVE_ARCH = YES;
				SDKROOT = iphoneos;
				SWIFT_ACTIVE_COMPILATION_CONDITIONS = "DEBUG $(inherited)";
				SWIFT_OPTIMIZATION_LEVEL = "-Onone";
			};
			name = Debug;
		};
		5D59B1212C78BBBD006A0CC4 /* Release */ = {
			isa = XCBuildConfiguration;
			buildSettings = {
				ALWAYS_SEARCH_USER_PATHS = NO;
				ASSETCATALOG_COMPILER_GENERATE_SWIFT_ASSET_SYMBOL_EXTENSIONS = YES;
				CLANG_ANALYZER_NONNULL = YES;
				CLANG_ANALYZER_NUMBER_OBJECT_CONVERSION = YES_AGGRESSIVE;
				CLANG_CXX_LANGUAGE_STANDARD = "gnu++20";
				CLANG_ENABLE_MODULES = YES;
				CLANG_ENABLE_OBJC_ARC = YES;
				CLANG_ENABLE_OBJC_WEAK = YES;
				CLANG_WARN_BLOCK_CAPTURE_AUTORELEASING = YES;
				CLANG_WARN_BOOL_CONVERSION = YES;
				CLANG_WARN_COMMA = YES;
				CLANG_WARN_CONSTANT_CONVERSION = YES;
				CLANG_WARN_DEPRECATED_OBJC_IMPLEMENTATIONS = YES;
				CLANG_WARN_DIRECT_OBJC_ISA_USAGE = YES_ERROR;
				CLANG_WARN_DOCUMENTATION_COMMENTS = YES;
				CLANG_WARN_EMPTY_BODY = YES;
				CLANG_WARN_ENUM_CONVERSION = YES;
				CLANG_WARN_INFINITE_RECURSION = YES;
				CLANG_WARN_INT_CONVERSION = YES;
				CLANG_WARN_NON_LITERAL_NULL_CONVERSION = YES;
				CLANG_WARN_OBJC_IMPLICIT_RETAIN_SELF = YES;
				CLANG_WARN_OBJC_LITERAL_CONVERSION = YES;
				CLANG_WARN_OBJC_ROOT_CLASS = YES_ERROR;
				CLANG_WARN_QUOTED_INCLUDE_IN_FRAMEWORK_HEADER = YES;
				CLANG_WARN_RANGE_LOOP_ANALYSIS = YES;
				CLANG_WARN_STRICT_PROTOTYPES = YES;
				CLANG_WARN_SUSPICIOUS_MOVE = YES;
				CLANG_WARN_UNGUARDED_AVAILABILITY = YES_AGGRESSIVE;
				CLANG_WARN_UNREACHABLE_CODE = YES;
				CLANG_WARN__DUPLICATE_METHOD_MATCH = YES;
				COPY_PHASE_STRIP = NO;
				DEBUG_INFORMATION_FORMAT = "dwarf-with-dsym";
				ENABLE_NS_ASSERTIONS = NO;
				ENABLE_STRICT_OBJC_MSGSEND = YES;
				ENABLE_USER_SCRIPT_SANDBOXING = YES;
				GCC_C_LANGUAGE_STANDARD = gnu17;
				GCC_NO_COMMON_BLOCKS = YES;
				GCC_WARN_64_TO_32_BIT_CONVERSION = YES;
				GCC_WARN_ABOUT_RETURN_TYPE = YES_ERROR;
				GCC_WARN_UNDECLARED_SELECTOR = YES;
				GCC_WARN_UNINITIALIZED_AUTOS = YES_AGGRESSIVE;
				GCC_WARN_UNUSED_FUNCTION = YES;
				GCC_WARN_UNUSED_VARIABLE = YES;
				IPHONEOS_DEPLOYMENT_TARGET = 17.5;
				LOCALIZATION_PREFERS_STRING_CATALOGS = YES;
				MTL_ENABLE_DEBUG_INFO = NO;
				MTL_FAST_MATH = YES;
				SDKROOT = iphoneos;
				SWIFT_COMPILATION_MODE = wholemodule;
				VALIDATE_PRODUCT = YES;
			};
			name = Release;
		};
		5D59B1232C78BBBD006A0CC4 /* Debug */ = {
			isa = XCBuildConfiguration;
			buildSettings = {
				ASSETCATALOG_COMPILER_APPICON_NAME = AppIcon;
				ASSETCATALOG_COMPILER_GLOBAL_ACCENT_COLOR_NAME = AccentColor;
				CODE_SIGN_STYLE = Automatic;
				CURRENT_PROJECT_VERSION = 1;
				DEVELOPMENT_TEAM = NTPZZ6GNZ3;
				GENERATE_INFOPLIST_FILE = YES;
				INFOPLIST_FILE = MoviesDb/Info.plist;
				INFOPLIST_KEY_UIApplicationSupportsIndirectInputEvents = YES;
				INFOPLIST_KEY_UILaunchStoryboardName = LaunchScreen;
				INFOPLIST_KEY_UIMainStoryboardFile = Main;
				INFOPLIST_KEY_UISupportedInterfaceOrientations_iPad = "UIInterfaceOrientationPortrait UIInterfaceOrientationPortraitUpsideDown UIInterfaceOrientationLandscapeLeft UIInterfaceOrientationLandscapeRight";
				INFOPLIST_KEY_UISupportedInterfaceOrientations_iPhone = "UIInterfaceOrientationPortrait UIInterfaceOrientationLandscapeLeft UIInterfaceOrientationLandscapeRight";
				LD_RUNPATH_SEARCH_PATHS = (
					"$(inherited)",
					"@executable_path/Frameworks",
				);
				MARKETING_VERSION = 1.0;
				PRODUCT_BUNDLE_IDENTIFIER = com.jithin.MoviesDb;
				PRODUCT_NAME = "$(TARGET_NAME)";
				SWIFT_EMIT_LOC_STRINGS = YES;
				SWIFT_VERSION = 5.0;
				TARGETED_DEVICE_FAMILY = "1,2";
			};
			name = Debug;
		};
		5D59B1242C78BBBD006A0CC4 /* Release */ = {
			isa = XCBuildConfiguration;
			buildSettings = {
				ASSETCATALOG_COMPILER_APPICON_NAME = AppIcon;
				ASSETCATALOG_COMPILER_GLOBAL_ACCENT_COLOR_NAME = AccentColor;
				CODE_SIGN_STYLE = Automatic;
				CURRENT_PROJECT_VERSION = 1;
				DEVELOPMENT_TEAM = NTPZZ6GNZ3;
				GENERATE_INFOPLIST_FILE = YES;
				INFOPLIST_FILE = MoviesDb/Info.plist;
				INFOPLIST_KEY_UIApplicationSupportsIndirectInputEvents = YES;
				INFOPLIST_KEY_UILaunchStoryboardName = LaunchScreen;
				INFOPLIST_KEY_UIMainStoryboardFile = Main;
				INFOPLIST_KEY_UISupportedInterfaceOrientations_iPad = "UIInterfaceOrientationPortrait UIInterfaceOrientationPortraitUpsideDown UIInterfaceOrientationLandscapeLeft UIInterfaceOrientationLandscapeRight";
				INFOPLIST_KEY_UISupportedInterfaceOrientations_iPhone = "UIInterfaceOrientationPortrait UIInterfaceOrientationLandscapeLeft UIInterfaceOrientationLandscapeRight";
				LD_RUNPATH_SEARCH_PATHS = (
					"$(inherited)",
					"@executable_path/Frameworks",
				);
				MARKETING_VERSION = 1.0;
				PRODUCT_BUNDLE_IDENTIFIER = com.jithin.MoviesDb;
				PRODUCT_NAME = "$(TARGET_NAME)";
				SWIFT_EMIT_LOC_STRINGS = YES;
				SWIFT_VERSION = 5.0;
				TARGETED_DEVICE_FAMILY = "1,2";
			};
			name = Release;
		};
		5DD9EA122C7E2A1A00A4D420 /* Debug */ = {
			isa = XCBuildConfiguration;
			buildSettings = {
				BUNDLE_LOADER = "$(TEST_HOST)";
				CODE_SIGN_STYLE = Automatic;
				CURRENT_PROJECT_VERSION = 1;
				DEVELOPMENT_TEAM = NTPZZ6GNZ3;
				GENERATE_INFOPLIST_FILE = YES;
				MARKETING_VERSION = 1.0;
				PRODUCT_BUNDLE_IDENTIFIER = com.jithin.MoviesDbTests;
				PRODUCT_NAME = "$(TARGET_NAME)";
				SWIFT_EMIT_LOC_STRINGS = NO;
				SWIFT_VERSION = 5.0;
				TARGETED_DEVICE_FAMILY = "1,2";
				TEST_HOST = "$(BUILT_PRODUCTS_DIR)/MoviesDb.app/$(BUNDLE_EXECUTABLE_FOLDER_PATH)/MoviesDb";
			};
			name = Debug;
		};
		5DD9EA132C7E2A1A00A4D420 /* Release */ = {
			isa = XCBuildConfiguration;
			buildSettings = {
				BUNDLE_LOADER = "$(TEST_HOST)";
				CODE_SIGN_STYLE = Automatic;
				CURRENT_PROJECT_VERSION = 1;
				DEVELOPMENT_TEAM = NTPZZ6GNZ3;
				GENERATE_INFOPLIST_FILE = YES;
				MARKETING_VERSION = 1.0;
				PRODUCT_BUNDLE_IDENTIFIER = com.jithin.MoviesDbTests;
				PRODUCT_NAME = "$(TARGET_NAME)";
				SWIFT_EMIT_LOC_STRINGS = NO;
				SWIFT_VERSION = 5.0;
				TARGETED_DEVICE_FAMILY = "1,2";
				TEST_HOST = "$(BUILT_PRODUCTS_DIR)/MoviesDb.app/$(BUNDLE_EXECUTABLE_FOLDER_PATH)/MoviesDb";
			};
			name = Release;
		};
/* End XCBuildConfiguration section */

/* Begin XCConfigurationList section */
		5D59B1092C78BBBC006A0CC4 /* Build configuration list for PBXProject "MoviesDb" */ = {
			isa = XCConfigurationList;
			buildConfigurations = (
				5D59B1202C78BBBD006A0CC4 /* Debug */,
				5D59B1212C78BBBD006A0CC4 /* Release */,
			);
			defaultConfigurationIsVisible = 0;
			defaultConfigurationName = Release;
		};
		5D59B1222C78BBBD006A0CC4 /* Build configuration list for PBXNativeTarget "MoviesDb" */ = {
			isa = XCConfigurationList;
			buildConfigurations = (
				5D59B1232C78BBBD006A0CC4 /* Debug */,
				5D59B1242C78BBBD006A0CC4 /* Release */,
			);
			defaultConfigurationIsVisible = 0;
			defaultConfigurationName = Release;
		};
		5DD9EA112C7E2A1A00A4D420 /* Build configuration list for PBXNativeTarget "MoviesDbTests" */ = {
			isa = XCConfigurationList;
			buildConfigurations = (
				5DD9EA122C7E2A1A00A4D420 /* Debug */,
				5DD9EA132C7E2A1A00A4D420 /* Release */,
			);
			defaultConfigurationIsVisible = 0;
			defaultConfigurationName = Release;
		};
/* End XCConfigurationList section */
	};
	rootObject = 5D59B1062C78BBBC006A0CC4 /* Project object */;
}
